// !$*UTF8*$!
{
	archiveVersion = 1;
	classes = {
	};
	objectVersion = 50;
	objects = {

/* Begin PBXBuildFile section */
		3685BBBDB5401AB740C67CFF /* Pods_BDRealTimeSyncSampleApp.framework in Frameworks */ = {isa = PBXBuildFile; fileRef = 7F60AF231E867BAC5381E6D6 /* Pods_BDRealTimeSyncSampleApp.framework */; };
		9A76486B1DA4C3F800472DB7 /* main.m in Sources */ = {isa = PBXBuildFile; fileRef = 9A76486A1DA4C3F800472DB7 /* main.m */; };
		9A76486E1DA4C3F800472DB7 /* AppDelegate.m in Sources */ = {isa = PBXBuildFile; fileRef = 9A76486D1DA4C3F800472DB7 /* AppDelegate.m */; };
		9A7648711DA4C3F800472DB7 /* FirstViewController.m in Sources */ = {isa = PBXBuildFile; fileRef = 9A7648701DA4C3F800472DB7 /* FirstViewController.m */; };
		9A7648741DA4C3F800472DB7 /* SecondViewController.m in Sources */ = {isa = PBXBuildFile; fileRef = 9A7648731DA4C3F800472DB7 /* SecondViewController.m */; };
		9A7648771DA4C3F800472DB7 /* Main.storyboard in Resources */ = {isa = PBXBuildFile; fileRef = 9A7648751DA4C3F800472DB7 /* Main.storyboard */; };
		9A7648791DA4C3F800472DB7 /* Assets.xcassets in Resources */ = {isa = PBXBuildFile; fileRef = 9A7648781DA4C3F800472DB7 /* Assets.xcassets */; };
		9A76487C1DA4C3F800472DB7 /* LaunchScreen.storyboard in Resources */ = {isa = PBXBuildFile; fileRef = 9A76487A1DA4C3F800472DB7 /* LaunchScreen.storyboard */; };
		E1B8CEE120CF5CD600F29A4E /* GoogleService-Info.plist in Resources */ = {isa = PBXBuildFile; fileRef = E1B8CEE020CF5CD600F29A4E /* GoogleService-Info.plist */; };
/* End PBXBuildFile section */

/* Begin PBXCopyFilesBuildPhase section */
		782CBEDF2048B04E00B30238 /* Embed Frameworks */ = {
			isa = PBXCopyFilesBuildPhase;
			buildActionMask = 2147483647;
			dstPath = "";
			dstSubfolderSpec = 10;
			files = (
			);
			name = "Embed Frameworks";
			runOnlyForDeploymentPostprocessing = 0;
		};
/* End PBXCopyFilesBuildPhase section */

/* Begin PBXFileReference section */
		6A6A3CF3C9015E447FBC11C0 /* Pods-BDRealTimeSyncSampleApp.debug.xcconfig */ = {isa = PBXFileReference; includeInIndex = 1; lastKnownFileType = text.xcconfig; name = "Pods-BDRealTimeSyncSampleApp.debug.xcconfig"; path = "Pods/Target Support Files/Pods-BDRealTimeSyncSampleApp/Pods-BDRealTimeSyncSampleApp.debug.xcconfig"; sourceTree = "<group>"; };
		7F60AF231E867BAC5381E6D6 /* Pods_BDRealTimeSyncSampleApp.framework */ = {isa = PBXFileReference; explicitFileType = wrapper.framework; includeInIndex = 0; path = Pods_BDRealTimeSyncSampleApp.framework; sourceTree = BUILT_PRODUCTS_DIR; };
		872884CC6669EDE3C22582B3 /* Pods-BDRealTimeSyncSampleApp.release.xcconfig */ = {isa = PBXFileReference; includeInIndex = 1; lastKnownFileType = text.xcconfig; name = "Pods-BDRealTimeSyncSampleApp.release.xcconfig"; path = "Pods/Target Support Files/Pods-BDRealTimeSyncSampleApp/Pods-BDRealTimeSyncSampleApp.release.xcconfig"; sourceTree = "<group>"; };
		9A7648661DA4C3F800472DB7 /* BDRealTimeSyncSampleApp.app */ = {isa = PBXFileReference; explicitFileType = wrapper.application; includeInIndex = 0; path = BDRealTimeSyncSampleApp.app; sourceTree = BUILT_PRODUCTS_DIR; };
		9A76486A1DA4C3F800472DB7 /* main.m */ = {isa = PBXFileReference; lastKnownFileType = sourcecode.c.objc; path = main.m; sourceTree = "<group>"; };
		9A76486C1DA4C3F800472DB7 /* AppDelegate.h */ = {isa = PBXFileReference; lastKnownFileType = sourcecode.c.h; path = AppDelegate.h; sourceTree = "<group>"; };
		9A76486D1DA4C3F800472DB7 /* AppDelegate.m */ = {isa = PBXFileReference; lastKnownFileType = sourcecode.c.objc; path = AppDelegate.m; sourceTree = "<group>"; };
		9A76486F1DA4C3F800472DB7 /* FirstViewController.h */ = {isa = PBXFileReference; lastKnownFileType = sourcecode.c.h; path = FirstViewController.h; sourceTree = "<group>"; };
		9A7648701DA4C3F800472DB7 /* FirstViewController.m */ = {isa = PBXFileReference; lastKnownFileType = sourcecode.c.objc; path = FirstViewController.m; sourceTree = "<group>"; };
		9A7648721DA4C3F800472DB7 /* SecondViewController.h */ = {isa = PBXFileReference; lastKnownFileType = sourcecode.c.h; path = SecondViewController.h; sourceTree = "<group>"; };
		9A7648731DA4C3F800472DB7 /* SecondViewController.m */ = {isa = PBXFileReference; lastKnownFileType = sourcecode.c.objc; path = SecondViewController.m; sourceTree = "<group>"; };
		9A7648761DA4C3F800472DB7 /* Base */ = {isa = PBXFileReference; lastKnownFileType = file.storyboard; name = Base; path = Base.lproj/Main.storyboard; sourceTree = "<group>"; };
		9A7648781DA4C3F800472DB7 /* Assets.xcassets */ = {isa = PBXFileReference; lastKnownFileType = folder.assetcatalog; path = Assets.xcassets; sourceTree = "<group>"; };
		9A76487B1DA4C3F800472DB7 /* Base */ = {isa = PBXFileReference; lastKnownFileType = file.storyboard; name = Base; path = Base.lproj/LaunchScreen.storyboard; sourceTree = "<group>"; };
		9A76487D1DA4C3F800472DB7 /* Info.plist */ = {isa = PBXFileReference; lastKnownFileType = text.plist.xml; path = Info.plist; sourceTree = "<group>"; };
		9A7648871DA4C6C000472DB7 /* BDRealTimeSyncSampleApp.entitlements */ = {isa = PBXFileReference; lastKnownFileType = text.plist.entitlements; path = BDRealTimeSyncSampleApp.entitlements; sourceTree = "<group>"; };
		E1B8CEE020CF5CD600F29A4E /* GoogleService-Info.plist */ = {isa = PBXFileReference; lastKnownFileType = text.plist.xml; path = "GoogleService-Info.plist"; sourceTree = "<group>"; };
		E1E093DC21AE4CCD007D1B42 /* BDFirebaseConstants.h */ = {isa = PBXFileReference; lastKnownFileType = sourcecode.c.h; path = BDFirebaseConstants.h; sourceTree = "<group>"; };
/* End PBXFileReference section */

/* Begin PBXFrameworksBuildPhase section */
		9A7648631DA4C3F800472DB7 /* Frameworks */ = {
			isa = PBXFrameworksBuildPhase;
			buildActionMask = 2147483647;
			files = (
				3685BBBDB5401AB740C67CFF /* Pods_BDRealTimeSyncSampleApp.framework in Frameworks */,
			);
			runOnlyForDeploymentPostprocessing = 0;
		};
/* End PBXFrameworksBuildPhase section */

/* Begin PBXGroup section */
		28EA09E5F99A5DFF69EDADFA /* Frameworks */ = {
			isa = PBXGroup;
			children = (
				7F60AF231E867BAC5381E6D6 /* Pods_BDRealTimeSyncSampleApp.framework */,
			);
			name = Frameworks;
			sourceTree = "<group>";
		};
		7FA5C2D686222E0DC92D21F8 /* Pods */ = {
			isa = PBXGroup;
			children = (
				6A6A3CF3C9015E447FBC11C0 /* Pods-BDRealTimeSyncSampleApp.debug.xcconfig */,
				872884CC6669EDE3C22582B3 /* Pods-BDRealTimeSyncSampleApp.release.xcconfig */,
			);
			name = Pods;
			sourceTree = "<group>";
		};
		9A76485D1DA4C3F800472DB7 = {
			isa = PBXGroup;
			children = (
				9A7648681DA4C3F800472DB7 /* BDRealTimeSyncSampleApp */,
				9A7648671DA4C3F800472DB7 /* Products */,
				7FA5C2D686222E0DC92D21F8 /* Pods */,
				28EA09E5F99A5DFF69EDADFA /* Frameworks */,
			);
			sourceTree = "<group>";
		};
		9A7648671DA4C3F800472DB7 /* Products */ = {
			isa = PBXGroup;
			children = (
				9A7648661DA4C3F800472DB7 /* BDRealTimeSyncSampleApp.app */,
			);
			name = Products;
			sourceTree = "<group>";
		};
		9A7648681DA4C3F800472DB7 /* BDRealTimeSyncSampleApp */ = {
			isa = PBXGroup;
			children = (
				9A7648871DA4C6C000472DB7 /* BDRealTimeSyncSampleApp.entitlements */,
				9A76486C1DA4C3F800472DB7 /* AppDelegate.h */,
				9A76486D1DA4C3F800472DB7 /* AppDelegate.m */,
				9A76486F1DA4C3F800472DB7 /* FirstViewController.h */,
				9A7648701DA4C3F800472DB7 /* FirstViewController.m */,
				9A7648721DA4C3F800472DB7 /* SecondViewController.h */,
				9A7648731DA4C3F800472DB7 /* SecondViewController.m */,
				9A7648751DA4C3F800472DB7 /* Main.storyboard */,
				9A7648781DA4C3F800472DB7 /* Assets.xcassets */,
				9A76487A1DA4C3F800472DB7 /* LaunchScreen.storyboard */,
				9A76487D1DA4C3F800472DB7 /* Info.plist */,
				9A7648691DA4C3F800472DB7 /* Supporting Files */,
				E1B8CEE020CF5CD600F29A4E /* GoogleService-Info.plist */,
				E1E093DC21AE4CCD007D1B42 /* BDFirebaseConstants.h */,
			);
			path = BDRealTimeSyncSampleApp;
			sourceTree = "<group>";
		};
		9A7648691DA4C3F800472DB7 /* Supporting Files */ = {
			isa = PBXGroup;
			children = (
				9A76486A1DA4C3F800472DB7 /* main.m */,
			);
			name = "Supporting Files";
			sourceTree = "<group>";
		};
/* End PBXGroup section */

/* Begin PBXNativeTarget section */
		9A7648651DA4C3F800472DB7 /* BDRealTimeSyncSampleApp */ = {
			isa = PBXNativeTarget;
			buildConfigurationList = 9A7648801DA4C3F800472DB7 /* Build configuration list for PBXNativeTarget "BDRealTimeSyncSampleApp" */;
			buildPhases = (
				A20718E426E6AF0430913F07 /* [CP] Check Pods Manifest.lock */,
				9A7648621DA4C3F800472DB7 /* Sources */,
				9A7648631DA4C3F800472DB7 /* Frameworks */,
				9A7648641DA4C3F800472DB7 /* Resources */,
				782CBEDF2048B04E00B30238 /* Embed Frameworks */,
				78FD6D80206C8FE50031A0DF /* Strip Symbols */,
				372A06DB405815DF05D63AFA /* [CP] Embed Pods Frameworks */,
			);
			buildRules = (
			);
			dependencies = (
			);
			name = BDRealTimeSyncSampleApp;
			productName = BDRealTimeSyncSampleApp;
			productReference = 9A7648661DA4C3F800472DB7 /* BDRealTimeSyncSampleApp.app */;
			productType = "com.apple.product-type.application";
		};
/* End PBXNativeTarget section */

/* Begin PBXProject section */
		9A76485E1DA4C3F800472DB7 /* Project object */ = {
			isa = PBXProject;
			attributes = {
				LastUpgradeCheck = 1000;
				ORGANIZATIONNAME = "Bluedot Innovation";
				TargetAttributes = {
					9A7648651DA4C3F800472DB7 = {
						CreatedOnToolsVersion = 8.0;
						DevelopmentTeam = 9H7C75E224;
						ProvisioningStyle = Manual;
						SystemCapabilities = {
							com.apple.Push = {
								enabled = 1;
							};
						};
					};
				};
			};
			buildConfigurationList = 9A7648611DA4C3F800472DB7 /* Build configuration list for PBXProject "BDRealTimeSyncSampleApp" */;
			compatibilityVersion = "Xcode 9.3";
			developmentRegion = English;
			hasScannedForEncodings = 0;
			knownRegions = (
				en,
				Base,
			);
			mainGroup = 9A76485D1DA4C3F800472DB7;
			productRefGroup = 9A7648671DA4C3F800472DB7 /* Products */;
			projectDirPath = "";
			projectRoot = "";
			targets = (
				9A7648651DA4C3F800472DB7 /* BDRealTimeSyncSampleApp */,
			);
		};
/* End PBXProject section */

/* Begin PBXResourcesBuildPhase section */
		9A7648641DA4C3F800472DB7 /* Resources */ = {
			isa = PBXResourcesBuildPhase;
			buildActionMask = 2147483647;
			files = (
				9A76487C1DA4C3F800472DB7 /* LaunchScreen.storyboard in Resources */,
				E1B8CEE120CF5CD600F29A4E /* GoogleService-Info.plist in Resources */,
				9A7648791DA4C3F800472DB7 /* Assets.xcassets in Resources */,
				9A7648771DA4C3F800472DB7 /* Main.storyboard in Resources */,
			);
			runOnlyForDeploymentPostprocessing = 0;
		};
/* End PBXResourcesBuildPhase section */

/* Begin PBXShellScriptBuildPhase section */
		372A06DB405815DF05D63AFA /* [CP] Embed Pods Frameworks */ = {
			isa = PBXShellScriptBuildPhase;
			buildActionMask = 2147483647;
			files = (
			);
			inputFileListPaths = (
			);
			inputPaths = (
				"${SRCROOT}/Pods/Target Support Files/Pods-BDRealTimeSyncSampleApp/Pods-BDRealTimeSyncSampleApp-frameworks.sh",
				"${PODS_ROOT}/BluedotPointSDK/PointSDK/BDPointSDK.framework",
				"${BUILT_PRODUCTS_DIR}/GoogleUtilities/GoogleUtilities.framework",
				"${BUILT_PRODUCTS_DIR}/Protobuf/Protobuf.framework",
				"${BUILT_PRODUCTS_DIR}/nanopb/nanopb.framework",
			);
			name = "[CP] Embed Pods Frameworks";
			outputFileListPaths = (
			);
			outputPaths = (
				"${TARGET_BUILD_DIR}/${FRAMEWORKS_FOLDER_PATH}/BDPointSDK.framework",
				"${TARGET_BUILD_DIR}/${FRAMEWORKS_FOLDER_PATH}/GoogleUtilities.framework",
				"${TARGET_BUILD_DIR}/${FRAMEWORKS_FOLDER_PATH}/Protobuf.framework",
				"${TARGET_BUILD_DIR}/${FRAMEWORKS_FOLDER_PATH}/nanopb.framework",
			);
			runOnlyForDeploymentPostprocessing = 0;
			shellPath = /bin/sh;
			shellScript = "\"${SRCROOT}/Pods/Target Support Files/Pods-BDRealTimeSyncSampleApp/Pods-BDRealTimeSyncSampleApp-frameworks.sh\"\n";
			showEnvVarsInLog = 0;
		};
		78FD6D80206C8FE50031A0DF /* Strip Symbols */ = {
			isa = PBXShellScriptBuildPhase;
			buildActionMask = 2147483647;
			files = (
			);
			inputPaths = (
			);
			name = "Strip Symbols";
			outputPaths = (
			);
			runOnlyForDeploymentPostprocessing = 0;
			shellPath = /bin/sh;
			shellScript = "#/bin/bash\nAPP_PATH=\"${TARGET_BUILD_DIR}/${WRAPPER_NAME}\"\n\n# This script loops through the frameworks embedded in the application and\n# removes unused architectures.\nfind \"$APP_PATH\" -name '*.framework' -type d | while read -r FRAMEWORK\ndo\nFRAMEWORK_EXECUTABLE_NAME=$(defaults read \"$FRAMEWORK/Info.plist\" CFBundleExecutable)\nFRAMEWORK_EXECUTABLE_PATH=\"$FRAMEWORK/$FRAMEWORK_EXECUTABLE_NAME\"\necho \"Executable is $FRAMEWORK_EXECUTABLE_PATH\"\n\nEXTRACTED_ARCHS=()\n\nfor ARCH in $ARCHS\ndo\necho \"Extracting $ARCH from $FRAMEWORK_EXECUTABLE_NAME\"\nlipo -extract \"$ARCH\" \"$FRAMEWORK_EXECUTABLE_PATH\" -o \"$FRAMEWORK_EXECUTABLE_PATH-$ARCH\"\nEXTRACTED_ARCHS+=(\"$FRAMEWORK_EXECUTABLE_PATH-$ARCH\")\ndone\n\necho \"Merging extracted architectures: ${ARCHS}\"\nlipo -o \"$FRAMEWORK_EXECUTABLE_PATH-merged\" -create \"${EXTRACTED_ARCHS[@]}\"\nrm \"${EXTRACTED_ARCHS[@]}\"\n\necho \"Replacing original executable with thinned version\"\nrm \"$FRAMEWORK_EXECUTABLE_PATH\"\nmv \"$FRAMEWORK_EXECUTABLE_PATH-merged\" \"$FRAMEWORK_EXECUTABLE_PATH\"\n\ndone";
		};
		A20718E426E6AF0430913F07 /* [CP] Check Pods Manifest.lock */ = {
			isa = PBXShellScriptBuildPhase;
			buildActionMask = 2147483647;
			files = (
			);
			inputFileListPaths = (
			);
			inputPaths = (
				"${PODS_PODFILE_DIR_PATH}/Podfile.lock",
				"${PODS_ROOT}/Manifest.lock",
			);
			name = "[CP] Check Pods Manifest.lock";
			outputFileListPaths = (
			);
			outputPaths = (
				"$(DERIVED_FILE_DIR)/Pods-BDRealTimeSyncSampleApp-checkManifestLockResult.txt",
			);
			runOnlyForDeploymentPostprocessing = 0;
			shellPath = /bin/sh;
			shellScript = "diff \"${PODS_PODFILE_DIR_PATH}/Podfile.lock\" \"${PODS_ROOT}/Manifest.lock\" > /dev/null\nif [ $? != 0 ] ; then\n    # print error to STDERR\n    echo \"error: The sandbox is not in sync with the Podfile.lock. Run 'pod install' or update your CocoaPods installation.\" >&2\n    exit 1\nfi\n# This output is used by Xcode 'outputs' to avoid re-running this script phase.\necho \"SUCCESS\" > \"${SCRIPT_OUTPUT_FILE_0}\"\n";
			showEnvVarsInLog = 0;
		};
/* End PBXShellScriptBuildPhase section */

/* Begin PBXSourcesBuildPhase section */
		9A7648621DA4C3F800472DB7 /* Sources */ = {
			isa = PBXSourcesBuildPhase;
			buildActionMask = 2147483647;
			files = (
				9A7648741DA4C3F800472DB7 /* SecondViewController.m in Sources */,
				9A76486E1DA4C3F800472DB7 /* AppDelegate.m in Sources */,
				9A7648711DA4C3F800472DB7 /* FirstViewController.m in Sources */,
				9A76486B1DA4C3F800472DB7 /* main.m in Sources */,
			);
			runOnlyForDeploymentPostprocessing = 0;
		};
/* End PBXSourcesBuildPhase section */

/* Begin PBXVariantGroup section */
		9A7648751DA4C3F800472DB7 /* Main.storyboard */ = {
			isa = PBXVariantGroup;
			children = (
				9A7648761DA4C3F800472DB7 /* Base */,
			);
			name = Main.storyboard;
			sourceTree = "<group>";
		};
		9A76487A1DA4C3F800472DB7 /* LaunchScreen.storyboard */ = {
			isa = PBXVariantGroup;
			children = (
				9A76487B1DA4C3F800472DB7 /* Base */,
			);
			name = LaunchScreen.storyboard;
			sourceTree = "<group>";
		};
/* End PBXVariantGroup section */

/* Begin XCBuildConfiguration section */
		9A76487E1DA4C3F800472DB7 /* Debug */ = {
			isa = XCBuildConfiguration;
			buildSettings = {
				ALWAYS_SEARCH_USER_PATHS = NO;
				CLANG_ANALYZER_NONNULL = YES;
				CLANG_CXX_LANGUAGE_STANDARD = "gnu++0x";
				CLANG_CXX_LIBRARY = "libc++";
				CLANG_ENABLE_MODULES = YES;
				CLANG_ENABLE_OBJC_ARC = YES;
				CLANG_WARN_BLOCK_CAPTURE_AUTORELEASING = YES;
				CLANG_WARN_BOOL_CONVERSION = YES;
				CLANG_WARN_COMMA = YES;
				CLANG_WARN_CONSTANT_CONVERSION = YES;
				CLANG_WARN_DEPRECATED_OBJC_IMPLEMENTATIONS = YES;
				CLANG_WARN_DIRECT_OBJC_ISA_USAGE = YES_ERROR;
				CLANG_WARN_DOCUMENTATION_COMMENTS = YES;
				CLANG_WARN_EMPTY_BODY = YES;
				CLANG_WARN_ENUM_CONVERSION = YES;
				CLANG_WARN_INFINITE_RECURSION = YES;
				CLANG_WARN_INT_CONVERSION = YES;
				CLANG_WARN_NON_LITERAL_NULL_CONVERSION = YES;
				CLANG_WARN_OBJC_IMPLICIT_RETAIN_SELF = YES;
				CLANG_WARN_OBJC_LITERAL_CONVERSION = YES;
				CLANG_WARN_OBJC_ROOT_CLASS = YES_ERROR;
				CLANG_WARN_RANGE_LOOP_ANALYSIS = YES;
				CLANG_WARN_STRICT_PROTOTYPES = YES;
				CLANG_WARN_SUSPICIOUS_MOVE = YES;
				CLANG_WARN_SUSPICIOUS_MOVES = YES;
				CLANG_WARN_UNREACHABLE_CODE = YES;
				CLANG_WARN__DUPLICATE_METHOD_MATCH = YES;
				"CODE_SIGN_IDENTITY[sdk=iphoneos*]" = "iPhone Developer";
				COPY_PHASE_STRIP = NO;
				DEBUG_INFORMATION_FORMAT = dwarf;
				ENABLE_BITCODE = NO;
				ENABLE_STRICT_OBJC_MSGSEND = YES;
				ENABLE_TESTABILITY = YES;
				GCC_C_LANGUAGE_STANDARD = gnu99;
				GCC_DYNAMIC_NO_PIC = NO;
				GCC_NO_COMMON_BLOCKS = YES;
				GCC_OPTIMIZATION_LEVEL = 0;
				GCC_PREPROCESSOR_DEFINITIONS = (
					"DEBUG=1",
					"$(inherited)",
				);
				GCC_WARN_64_TO_32_BIT_CONVERSION = YES;
				GCC_WARN_ABOUT_RETURN_TYPE = YES_ERROR;
				GCC_WARN_UNDECLARED_SELECTOR = YES;
				GCC_WARN_UNINITIALIZED_AUTOS = YES_AGGRESSIVE;
				GCC_WARN_UNUSED_FUNCTION = YES;
				GCC_WARN_UNUSED_VARIABLE = YES;
				IPHONEOS_DEPLOYMENT_TARGET = 10.0;
				MTL_ENABLE_DEBUG_INFO = YES;
				ONLY_ACTIVE_ARCH = YES;
				SDKROOT = iphoneos;
				TARGETED_DEVICE_FAMILY = "1,2";
			};
			name = Debug;
		};
		9A76487F1DA4C3F800472DB7 /* Release */ = {
			isa = XCBuildConfiguration;
			buildSettings = {
				ALWAYS_SEARCH_USER_PATHS = NO;
				CLANG_ANALYZER_NONNULL = YES;
				CLANG_CXX_LANGUAGE_STANDARD = "gnu++0x";
				CLANG_CXX_LIBRARY = "libc++";
				CLANG_ENABLE_MODULES = YES;
				CLANG_ENABLE_OBJC_ARC = YES;
				CLANG_WARN_BLOCK_CAPTURE_AUTORELEASING = YES;
				CLANG_WARN_BOOL_CONVERSION = YES;
				CLANG_WARN_COMMA = YES;
				CLANG_WARN_CONSTANT_CONVERSION = YES;
				CLANG_WARN_DEPRECATED_OBJC_IMPLEMENTATIONS = YES;
				CLANG_WARN_DIRECT_OBJC_ISA_USAGE = YES_ERROR;
				CLANG_WARN_DOCUMENTATION_COMMENTS = YES;
				CLANG_WARN_EMPTY_BODY = YES;
				CLANG_WARN_ENUM_CONVERSION = YES;
				CLANG_WARN_INFINITE_RECURSION = YES;
				CLANG_WARN_INT_CONVERSION = YES;
				CLANG_WARN_NON_LITERAL_NULL_CONVERSION = YES;
				CLANG_WARN_OBJC_IMPLICIT_RETAIN_SELF = YES;
				CLANG_WARN_OBJC_LITERAL_CONVERSION = YES;
				CLANG_WARN_OBJC_ROOT_CLASS = YES_ERROR;
				CLANG_WARN_RANGE_LOOP_ANALYSIS = YES;
				CLANG_WARN_STRICT_PROTOTYPES = YES;
				CLANG_WARN_SUSPICIOUS_MOVE = YES;
				CLANG_WARN_SUSPICIOUS_MOVES = YES;
				CLANG_WARN_UNREACHABLE_CODE = YES;
				CLANG_WARN__DUPLICATE_METHOD_MATCH = YES;
				"CODE_SIGN_IDENTITY[sdk=iphoneos*]" = "iPhone Developer";
				COPY_PHASE_STRIP = NO;
				DEBUG_INFORMATION_FORMAT = "dwarf-with-dsym";
				ENABLE_BITCODE = NO;
				ENABLE_NS_ASSERTIONS = NO;
				ENABLE_STRICT_OBJC_MSGSEND = YES;
				GCC_C_LANGUAGE_STANDARD = gnu99;
				GCC_NO_COMMON_BLOCKS = YES;
				GCC_WARN_64_TO_32_BIT_CONVERSION = YES;
				GCC_WARN_ABOUT_RETURN_TYPE = YES_ERROR;
				GCC_WARN_UNDECLARED_SELECTOR = YES;
				GCC_WARN_UNINITIALIZED_AUTOS = YES_AGGRESSIVE;
				GCC_WARN_UNUSED_FUNCTION = YES;
				GCC_WARN_UNUSED_VARIABLE = YES;
				IPHONEOS_DEPLOYMENT_TARGET = 10.0;
				MTL_ENABLE_DEBUG_INFO = NO;
				SDKROOT = iphoneos;
				TARGETED_DEVICE_FAMILY = "1,2";
				VALIDATE_PRODUCT = YES;
			};
			name = Release;
		};
		9A7648811DA4C3F800472DB7 /* Debug */ = {
			isa = XCBuildConfiguration;
			baseConfigurationReference = 6A6A3CF3C9015E447FBC11C0 /* Pods-BDRealTimeSyncSampleApp.debug.xcconfig */;
			buildSettings = {
				ALWAYS_EMBED_SWIFT_STANDARD_LIBRARIES = YES;
				ASSETCATALOG_COMPILER_APPICON_NAME = AppIcon;
				CODE_SIGN_ENTITLEMENTS = BDRealTimeSyncSampleApp/BDRealTimeSyncSampleApp.entitlements;
				CODE_SIGN_IDENTITY = "iPhone Developer";
				"CODE_SIGN_IDENTITY[sdk=iphoneos*]" = "iPhone Developer";
				CODE_SIGN_STYLE = Manual;
				DEVELOPMENT_TEAM = 9H7C75E224;
				FRAMEWORK_SEARCH_PATHS = "$(inherited)";
				HEADER_SEARCH_PATHS = "$(inherited)";
				INFOPLIST_FILE = BDRealTimeSyncSampleApp/Info.plist;
				LD_RUNPATH_SEARCH_PATHS = (
					"$(inherited)",
					"@executable_path/Frameworks",
				);
				LIBRARY_SEARCH_PATHS = "$(inherited)";
				PRODUCT_BUNDLE_IDENTIFIER = com.bluedotinnovation.BDFirebaseTest;
				PRODUCT_NAME = "$(TARGET_NAME)";
				PROVISIONING_PROFILE = "461ecdf6-a08c-4468-9b29-0447dbba4541";
				PROVISIONING_PROFILE_SPECIFIER = "match Development com.bluedotinnovation.BDFirebaseTest";
			};
			name = Debug;
		};
		9A7648821DA4C3F800472DB7 /* Release */ = {
			isa = XCBuildConfiguration;
			baseConfigurationReference = 872884CC6669EDE3C22582B3 /* Pods-BDRealTimeSyncSampleApp.release.xcconfig */;
			buildSettings = {
				ALWAYS_EMBED_SWIFT_STANDARD_LIBRARIES = YES;
				ASSETCATALOG_COMPILER_APPICON_NAME = AppIcon;
				CODE_SIGN_ENTITLEMENTS = BDRealTimeSyncSampleApp/BDRealTimeSyncSampleApp.entitlements;
				CODE_SIGN_IDENTITY = "iPhone Distribution";
				"CODE_SIGN_IDENTITY[sdk=iphoneos*]" = "iPhone Developer";
				CODE_SIGN_STYLE = Manual;
				DEVELOPMENT_TEAM = 9H7C75E224;
				FRAMEWORK_SEARCH_PATHS = "$(inherited)";
				HEADER_SEARCH_PATHS = "$(inherited)";
				INFOPLIST_FILE = BDRealTimeSyncSampleApp/Info.plist;
				LD_RUNPATH_SEARCH_PATHS = (
					"$(inherited)",
					"@executable_path/Frameworks",
				);
				LIBRARY_SEARCH_PATHS = "$(inherited)";
				PRODUCT_BUNDLE_IDENTIFIER = com.bluedotinnovation.BDFirebaseTest;
				PRODUCT_NAME = "$(TARGET_NAME)";
				PROVISIONING_PROFILE = "801724a8-8767-4b62-87f0-913746d3d707";
				PROVISIONING_PROFILE_SPECIFIER = "match Development com.bluedotinnovation.BDFirebaseTest";
			};
			name = Release;
		};
/* End XCBuildConfiguration section */

/* Begin XCConfigurationList section */
		9A7648611DA4C3F800472DB7 /* Build configuration list for PBXProject "BDRealTimeSyncSampleApp" */ = {
			isa = XCConfigurationList;
			buildConfigurations = (
				9A76487E1DA4C3F800472DB7 /* Debug */,
				9A76487F1DA4C3F800472DB7 /* Release */,
			);
			defaultConfigurationIsVisible = 0;
			defaultConfigurationName = Release;
		};
		9A7648801DA4C3F800472DB7 /* Build configuration list for PBXNativeTarget "BDRealTimeSyncSampleApp" */ = {
			isa = XCConfigurationList;
			buildConfigurations = (
				9A7648811DA4C3F800472DB7 /* Debug */,
				9A7648821DA4C3F800472DB7 /* Release */,
			);
			defaultConfigurationIsVisible = 0;
			defaultConfigurationName = Release;
		};
/* End XCConfigurationList section */
	};
	rootObject = 9A76485E1DA4C3F800472DB7 /* Project object */;
}
